# This file is @generated by PDM.
# It is not intended for manual editing.

[metadata]
groups = ["default"]
strategy = ["inherit_metadata"]
lock_version = "4.5.0"
content_hash = "sha256:619679bc96dd2dfb16b27f8968d9c6f0a594363769e9f23127e2946814af95c2"

[[metadata.targets]]
requires_python = "~=3.10"
