# This file is @generated by PDM.
# It is not intended for manual editing.

[metadata]
groups = ["default"]
strategy = ["inherit_metadata"]
lock_version = "4.5.0"
content_hash = "sha256:a7d42d8ba439ead956256c078168314918c9278e15fa7af67fdec0f252753406"

[[metadata.targets]]
requires_python = ">=3.8.1,<4.0"

[[metadata.targets]]
requires_python = "~=3.10"

[[package]]
name = "async-timeout"
version = "5.0.1"
requires_python = ">=3.8"
summary = "Timeout context manager for asyncio programs"
groups = ["default"]
marker = "python_full_version < \"3.11.3\""
files = [
    {file = "async_timeout-5.0.1-py3-none-any.whl", hash = "sha256:39e3809566ff85354557ec2398b55e096c8364bacac9405a7a1fa429e77fe76c"},
    {file = "async_timeout-5.0.1.tar.gz", hash = "sha256:d9321a7a3d5a6a5e187e824d2fa0793ce379a202935782d555d6e9d2735677d3"},
]

[[package]]
name = "redis"
version = "5.2.1"
requires_python = ">=3.8"
summary = "Python client for Redis database and key-value store"
groups = ["default"]
dependencies = [
    "async-timeout>=4.0.3; python_full_version < \"3.11.3\"",
]
files = [
    {file = "redis-5.2.1-py3-none-any.whl", hash = "sha256:ee7e1056b9aea0f04c6c2ed59452947f34c4940ee025f5dd83e6a6418b6989e4"},
    {file = "redis-5.2.1.tar.gz", hash = "sha256:16f2e22dff21d5125e8481515e386711a34cbec50f0e44413dd7d9c060a54e0f"},
]
