# This file is @generated by PDM.
# It is not intended for manual editing.

[metadata]
groups = ["default"]
strategy = ["inherit_metadata"]
lock_version = "4.5.0"
content_hash = "sha256:83cee1851d0a5b3d58745523cc58bce8a70dc599cf9b153e3528a57010ca5e99"

[[metadata.targets]]
requires_python = ">=3.8.1,<4.0"
