# This file is automatically @generated by Poetry 2.0.0 and should not be changed by hand.

[[package]]
name = "async-timeout"
version = "5.0.1"
description = "Timeout context manager for asyncio programs"
optional = false
python-versions = ">=3.8"
groups = ["main"]
markers = "python_full_version < \"3.11.3\""
files = [
    {file = "async_timeout-5.0.1-py3-none-any.whl", hash = "sha256:39e3809566ff85354557ec2398b55e096c8364bacac9405a7a1fa429e77fe76c"},
    {file = "async_timeout-5.0.1.tar.gz", hash = "sha256:d9321a7a3d5a6a5e187e824d2fa0793ce379a202935782d555d6e9d2735677d3"},
]

[[package]]
name = "opencc"
version = "1.1.9"
description = "Conversion between Traditional and Simplified Chinese"
optional = false
python-versions = "*"
groups = ["main"]
files = [
    {file = "OpenCC-1.1.9-cp310-cp310-macosx_10_9_x86_64.whl", hash = "sha256:a33941dd4cb67457e6f44dfe36dddc30a602363a4f6a29b41d79b062b332c094"},
    {file = "OpenCC-1.1.9-cp310-cp310-manylinux2014_x86_64.whl", hash = "sha256:92769f9a60301574c73096f9ab8a9060fe0d13a9f8266735d82a2a3a92adbd26"},
    {file = "OpenCC-1.1.9-cp310-cp310-win_amd64.whl", hash = "sha256:84e35e5ecfad445a64c0dcd6567d9e9f3a6aed9a6ffd89cdbc071f36cb9e089e"},
    {file = "OpenCC-1.1.9-cp311-cp311-macosx_10_9_x86_64.whl", hash = "sha256:3fb7c84f7c182cb5208e7bc1c104b817a3ca1a8fe111d4d19816be0d6e1ab396"},
    {file = "OpenCC-1.1.9-cp311-cp311-manylinux2014_x86_64.whl", hash = "sha256:64994c68796d93cdba42f37e0c073fb8ed6f9d6707232be0ba84f24dc5a36bbb"},
    {file = "OpenCC-1.1.9-cp311-cp311-win_amd64.whl", hash = "sha256:9f6a1413ca2ff490e65a55822e4cae8c3f104bfab46355288de4893a14470fbb"},
    {file = "OpenCC-1.1.9-cp312-cp312-macosx_10_9_x86_64.whl", hash = "sha256:48bc3e37942b91a9cf51f525631792f79378e5332bdba9e10c05f6e7fe9036ca"},
    {file = "OpenCC-1.1.9-cp312-cp312-manylinux2014_x86_64.whl", hash = "sha256:1c5d1489bdaf9dc2865f0ea30eb565093253e73c1868d9c19554c8a044b545d4"},
    {file = "OpenCC-1.1.9-cp312-cp312-win_amd64.whl", hash = "sha256:64f8d22c8505b65e8ee2d6e73241cbc92785d38b3c93885b423d7c4fcd31c679"},
    {file = "OpenCC-1.1.9-cp38-cp38-macosx_10_9_x86_64.whl", hash = "sha256:f4267b66ed6e656b5d8199f94e9673950ac39d49ebaf0e7927330801f06f038f"},
    {file = "OpenCC-1.1.9-cp38-cp38-manylinux2014_x86_64.whl", hash = "sha256:c6d5f9756ed08e67de36c53dc4d8f0bdc72889d6f57a8fc4d8b073d99c58d4dc"},
    {file = "OpenCC-1.1.9-cp38-cp38-win_amd64.whl", hash = "sha256:a6c2650bd3d6a9e3c31fc2057e0f36122c9507af1661627542f618c97d420293"},
    {file = "OpenCC-1.1.9-cp39-cp39-macosx_10_9_x86_64.whl", hash = "sha256:4d66473405c2e360ef346fe1625f201f3f3c4adbb16d5c1c7749a150ae42d875"},
    {file = "OpenCC-1.1.9-cp39-cp39-manylinux2014_x86_64.whl", hash = "sha256:436c43e0855b4f9c9e4fd1191e8ac638e9d9f2c7e2d5753952e6e31aa231d36c"},
    {file = "OpenCC-1.1.9-cp39-cp39-win_amd64.whl", hash = "sha256:b4c36d6974afd94b444ad5ad17364f40d228092ce89b86e46653f7ff38075201"},
    {file = "opencc-1.1.9.tar.gz", hash = "sha256:8ad72283732951303390fae33a1ceda98ac9b03368a8f2912edc934d74077e4a"},
]

[[package]]
name = "redis"
version = "5.2.1"
description = "Python client for Redis database and key-value store"
optional = false
python-versions = ">=3.8"
groups = ["main"]
files = [
    {file = "redis-5.2.1-py3-none-any.whl", hash = "sha256:ee7e1056b9aea0f04c6c2ed59452947f34c4940ee025f5dd83e6a6418b6989e4"},
    {file = "redis-5.2.1.tar.gz", hash = "sha256:16f2e22dff21d5125e8481515e386711a34cbec50f0e44413dd7d9c060a54e0f"},
]

[package.dependencies]
async-timeout = {version = ">=4.0.3", markers = "python_full_version < \"3.11.3\""}

[package.extras]
hiredis = ["hiredis (>=3.0.0)"]
ocsp = ["cryptography (>=36.0.1)", "pyopenssl (==23.2.1)", "requests (>=2.31.0)"]

[metadata]
lock-version = "2.1"
python-versions = ">=3.10, <4.0"
content-hash = "a397f4b9d8f2545909bf36e76896734b3b603aae57369766fd5dc47ed28c77d4"
